# THIS IS AN AUTOGENERATED FILE. DO NOT EDIT THIS FILE DIRECTLY.
# yarn lockfile v1


animate.css@^4.1.0:
  version "4.1.0"
  resolved "https://registry.npm.taobao.org/animate.css/download/animate.css-4.1.0.tgz#dec2aabe4babfc6f6777f9a5cccd132838729b50"
  integrity sha1-3sKqvkur/G9nd/mlzM0TKDhym1A=

array-find-index@^1.0.2:
  version "1.0.2"
  resolved "https://registry.npm.taobao.org/array-find-index/download/array-find-index-1.0.2.tgz#df010aa1287e164bbda6f9723b0a96a1ec4187a1"
  integrity sha1-3wEKoSh+Fku9pvlyOwqWoexBh6E=

mint-ui@^2.2.13:
  version "2.2.13"
  resolved "https://registry.npm.taobao.org/mint-ui/download/mint-ui-2.2.13.tgz#856a2cba9608c6ecf21f0e521ce89ed8ddfe33d3"
  integrity sha1-hWosupYIxuzyHw5SHOie2N3+M9M=
  dependencies:
    array-find-index "^1.0.2"
    raf.js "0.0.4"
    vue-lazyload "^1.0.1"

raf.js@0.0.4:
  version "0.0.4"
  resolved "https://registry.npm.taobao.org/raf.js/download/raf.js-0.0.4.tgz#f15af445d241b27fa7131a57450b67ef9c402fec"
  integrity sha1-8Vr0RdJBsn+nExpXRQtn75xAL+w=

vue-lazyload@^1.0.1:
  version "1.3.3"
  resolved "https://registry.npm.taobao.org/vue-lazyload/download/vue-lazyload-1.3.3.tgz#4df50a271bde9b74c3caf7a228d6e0af50d5682f"
  integrity sha1-TfUKJxvem3TDyveiKNbgr1DVaC8=

vue@^2.6.12:
  version "2.6.12"
  resolved "https://registry.npm.taobao.org/vue/download/vue-2.6.12.tgz?cache=0&sync_timestamp=1600276944286&other_urls=https%3A%2F%2Fregistry.npm.taobao.org%2Fvue%2Fdownload%2Fvue-2.6.12.tgz#f5ebd4fa6bd2869403e29a896aed4904456c9123"
  integrity sha1-9evU+mvShpQD4pqJau1JBEVskSM=
